{
  "name": "sandbox-tutorials",
  "version": "1.0.0",
  "lockfileVersion": 2,
  "requires": true,
  "packages": {
    "": {
      "name": "sandbox-tutorials",
      "version": "1.0.0",
      "license": "ISC",
      "devDependencies": {
        "@s4tk/compression": "^0.2.0",
        "@s4tk/encoding": "^0.1.4",
        "@s4tk/hashing": "^0.2.1",
        "@s4tk/images": "^0.2.3",
        "@s4tk/models": "^0.6.5",
        "@s4tk/tunables": "^0.2.0",
        "@s4tk/xml-dom": "^0.2.4",
        "@types/node": "^18.11.9"
      }
    },
    "node_modules/@babel/runtime": {
      "version": "7.20.6",
      "resolved": "https://registry.npmjs.org/@babel/runtime/-/runtime-7.20.6.tgz",
      "integrity": "sha512-Q+8MqP7TiHMWzSfwiJwXCjyf4GYA4Dgw3emg/7xmwsdLJOZUp+nMqcOwOzzYheuM1rhDu8FSj2l0aoMygEuXuA==",
      "dev": true,
      "dependencies": {
        "regenerator-runtime": "^0.13.11"
      },
      "engines": {
        "node": ">=6.9.0"
      }
    },
    "node_modules/@jimp/core": {
      "version": "0.16.2",
      "resolved": "https://registry.npmjs.org/@jimp/core/-/core-0.16.2.tgz",
      "integrity": "sha512-dp7HcyUMzjXphXYodI6PaXue+I9PXAavbb+AN+1XqFbotN22Z12DosNPEyy+UhLY/hZiQQqUkEaJHkvV31rs+w==",
      "dev": true,
      "dependencies": {
        "@babel/runtime": "^7.7.2",
        "@jimp/utils": "^0.16.2",
        "any-base": "^1.1.0",
        "buffer": "^5.2.0",
        "exif-parser": "^0.1.12",
        "file-type": "^9.0.0",
        "load-bmfont": "^1.3.1",
        "mkdirp": "^0.5.1",
        "phin": "^2.9.1",
        "pixelmatch": "^4.0.2",
        "tinycolor2": "^1.4.1"
      }
    },
    "node_modules/@jimp/custom": {
      "version": "0.16.2",
      "resolved": "https://registry.npmjs.org/@jimp/custom/-/custom-0.16.2.tgz",
      "integrity": "sha512-GtNwOs4hcVS2GIbqRUf42rUuX07oLB92cj7cqxZb0ZGWwcwhnmSW0TFLAkNafXmqn9ug4VTpNvcJSUdiuECVKg==",
      "dev": true,
      "dependencies": {
        "@babel/runtime": "^7.7.2",
        "@jimp/core": "^0.16.2"
      }
    },
    "node_modules/@jimp/plugin-resize": {
      "version": "0.16.2",
      "resolved": "https://registry.npmjs.org/@jimp/plugin-resize/-/plugin-resize-0.16.2.tgz",
      "integrity": "sha512-gE4N9l6xuwzacFZ2EPCGZCJ/xR+aX2V7GdMndIl/6kYIw5/eib1SFuF9AZLvIPSFuE1FnGo8+vT0pr++SSbhYg==",
      "dev": true,
      "dependencies": {
        "@babel/runtime": "^7.7.2",
        "@jimp/utils": "^0.16.2"
      },
      "peerDependencies": {
        "@jimp/custom": ">=0.3.5"
      }
    },
    "node_modules/@jimp/png": {
      "version": "0.16.2",
      "resolved": "https://registry.npmjs.org/@jimp/png/-/png-0.16.2.tgz",
      "integrity": "sha512-sFOtOSz/tzDwXEChFQ/Nxe+0+vG3Tj0eUxnZVDUG/StXE9dI8Bqmwj3MIa0EgK5s+QG3YlnDOmlPUa4JqmeYeQ==",
      "dev": true,
      "dependencies": {
        "@babel/runtime": "^7.7.2",
        "@jimp/utils": "^0.16.2",
        "pngjs": "^3.3.3"
      },
      "peerDependencies": {
        "@jimp/custom": ">=0.3.5"
      }
    },
    "node_modules/@jimp/utils": {
      "version": "0.16.2",
      "resolved": "https://registry.npmjs.org/@jimp/utils/-/utils-0.16.2.tgz",
      "integrity": "sha512-XENrPvmigiXZQ8E2nxJqO6UVvWBLzbNwyYi3Y8Q1IECoYhYI3kgOQ0fmy4G269Vz1V0omh1bNmC42r4OfXg1Jg==",
      "dev": true,
      "dependencies": {
        "@babel/runtime": "^7.7.2",
        "regenerator-runtime": "^0.13.3"
      }
    },
    "node_modules/@s4tk/compression": {
      "version": "0.2.0",
      "resolved": "https://registry.npmjs.org/@s4tk/compression/-/compression-0.2.0.tgz",
      "integrity": "sha512-dpwAPXX5QbDMVcYoGbXDDORr3Cm6dHndafEsNMmD1WvnVF4H9D+pRuFod8sxQZP34tjDQu+w0kpTZrG6VGSAcg==",
      "dev": true,
      "funding": {
        "type": "patreon",
        "url": "https://www.patreon.com/bePatron?u=40823163"
      }
    },
    "node_modules/@s4tk/encoding": {
      "version": "0.1.4",
      "resolved": "https://registry.npmjs.org/@s4tk/encoding/-/encoding-0.1.4.tgz",
      "integrity": "sha512-lJ0NGpOtZRT7z5iUol6Tv1PgQHC2gjpRkwFsgFcVCq0ZD+2vnFoScM1Yrm4RtkvSyfnl1P+4LOOcmKbFeLBUSw==",
      "dev": true,
      "funding": {
        "type": "patreon",
        "url": "https://www.patreon.com/bePatron?u=40823163"
      }
    },
    "node_modules/@s4tk/hashing": {
      "version": "0.2.1",
      "resolved": "https://registry.npmjs.org/@s4tk/hashing/-/hashing-0.2.1.tgz",
      "integrity": "sha512-hUmo2ZLIjFXdPSJnt9WyhD7qiqN869rqtIl68b1dm3JWWKIpdzAmk0BsMcl/LtTMRZFfaY356QYJkMbWSnYclg==",
      "dev": true,
      "funding": {
        "type": "patreon",
        "url": "https://www.patreon.com/bePatron?u=40823163"
      }
    },
    "node_modules/@s4tk/images": {
      "version": "0.2.3",
      "resolved": "https://registry.npmjs.org/@s4tk/images/-/images-0.2.3.tgz",
      "integrity": "sha512-AV8cvvF0Ctb+GSs+qa9HFvklERLUIfE4uHM5Hj98a566RbPqONqn+LBYKWnYjm2XjrpfxWTBdVzBgYE0kvisBg==",
      "dev": true,
      "dependencies": {
        "@jimp/core": "^0.16.1",
        "@jimp/custom": "^0.16.1",
        "@jimp/plugin-resize": "^0.16.1",
        "@jimp/png": "^0.16.1",
        "@s4tk/encoding": "^0.1.4",
        "silent-dxt-js": "^0.0.3"
      },
      "funding": {
        "type": "patreon",
        "url": "https://www.patreon.com/bePatron?u=40823163"
      }
    },
    "node_modules/@s4tk/models": {
      "version": "0.6.5",
      "resolved": "https://registry.npmjs.org/@s4tk/models/-/models-0.6.5.tgz",
      "integrity": "sha512-yrchc9YJ1dWkAf/6N+IJpRP62s5LmlqRMI4dfwTSusYXoJya/sjlX2mafFTqU6sxuMjtR9ZYDyvQKJhA1n6KJg==",
      "dev": true,
      "dependencies": {
        "@s4tk/compression": "^0.2.0",
        "@s4tk/encoding": "^0.1.4",
        "@s4tk/hashing": "^0.2.1",
        "@s4tk/images": "^0.2.2",
        "@s4tk/xml-dom": "^0.2.1",
        "just-clone": "^5.0.1",
        "just-compare": "^2.0.1"
      },
      "funding": {
        "type": "patreon",
        "url": "https://www.patreon.com/bePatron?u=40823163"
      }
    },
    "node_modules/@s4tk/tunables": {
      "version": "0.2.0",
      "resolved": "https://registry.npmjs.org/@s4tk/tunables/-/tunables-0.2.0.tgz",
      "integrity": "sha512-sH+gsOjUbB14XxbuGo/rKNJmlq1VulQEzvNAF2l4j0UAlAEs0rVhh12vYK9UAIfzl7wi0e23Ljj1rYGarAg/rQ==",
      "dev": true,
      "dependencies": {
        "@s4tk/hashing": "^0.2.1",
        "@s4tk/xml-dom": "^0.2.1"
      },
      "funding": {
        "type": "patreon",
        "url": "https://www.patreon.com/bePatron?u=40823163"
      }
    },
    "node_modules/@s4tk/xml-dom": {
      "version": "0.2.4",
      "resolved": "https://registry.npmjs.org/@s4tk/xml-dom/-/xml-dom-0.2.4.tgz",
      "integrity": "sha512-wO6xRghnYTiK/MyFnJ5CPoluKTLmFUs7/JUMAXW2LWxrYKruBqWn9rdKYs9LDtuFEQuWVtrdRWVm51lIDME5gg==",
      "dev": true,
      "dependencies": {
        "fast-xml-parser": "^4.0.9"
      },
      "funding": {
        "type": "patreon",
        "url": "https://www.patreon.com/bePatron?u=40823163"
      }
    },
    "node_modules/@types/node": {
      "version": "18.11.9",
      "resolved": "https://registry.npmjs.org/@types/node/-/node-18.11.9.tgz",
      "integrity": "sha512-CRpX21/kGdzjOpFsZSkcrXMGIBWMGNIHXXBVFSH+ggkftxg+XYP20TESbh+zFvFj3EQOl5byk0HTRn1IL6hbqg==",
      "dev": true
    },
    "node_modules/any-base": {
      "version": "1.1.0",
      "resolved": "https://registry.npmjs.org/any-base/-/any-base-1.1.0.tgz",
      "integrity": "sha512-uMgjozySS8adZZYePpaWs8cxB9/kdzmpX6SgJZ+wbz1K5eYk5QMYDVJaZKhxyIHUdnnJkfR7SVgStgH7LkGUyg==",
      "dev": true
    },
    "node_modules/base64-js": {
      "version": "1.5.1",
      "resolved": "https://registry.npmjs.org/base64-js/-/base64-js-1.5.1.tgz",
      "integrity": "sha512-AKpaYlHn8t4SVbOHCy+b5+KKgvR4vrsD8vbvrbiQJps7fKDTkjkDry6ji0rUJjC0kzbNePLwzxq8iypo41qeWA==",
      "dev": true,
      "funding": [
        {
          "type": "github",
          "url": "https://github.com/sponsors/feross"
        },
        {
          "type": "patreon",
          "url": "https://www.patreon.com/feross"
        },
        {
          "type": "consulting",
          "url": "https://feross.org/support"
        }
      ]
    },
    "node_modules/buffer": {
      "version": "5.7.1",
      "resolved": "https://registry.npmjs.org/buffer/-/buffer-5.7.1.tgz",
      "integrity": "sha512-EHcyIPBQ4BSGlvjB16k5KgAJ27CIsHY/2JBmCRReo48y9rQ3MaUzWX3KVlBa4U7MyX02HdVj0K7C3WaB3ju7FQ==",
      "dev": true,
      "funding": [
        {
          "type": "github",
          "url": "https://github.com/sponsors/feross"
        },
        {
          "type": "patreon",
          "url": "https://www.patreon.com/feross"
        },
        {
          "type": "consulting",
          "url": "https://feross.org/support"
        }
      ],
      "dependencies": {
        "base64-js": "^1.3.1",
        "ieee754": "^1.1.13"
      }
    },
    "node_modules/buffer-equal": {
      "version": "0.0.1",
      "resolved": "https://registry.npmjs.org/buffer-equal/-/buffer-equal-0.0.1.tgz",
      "integrity": "sha512-RgSV6InVQ9ODPdLWJ5UAqBqJBOg370Nz6ZQtRzpt6nUjc8v0St97uJ4PYC6NztqIScrAXafKM3mZPMygSe1ggA==",
      "dev": true,
      "engines": {
        "node": ">=0.4.0"
      }
    },
    "node_modules/dom-walk": {
      "version": "0.1.2",
      "resolved": "https://registry.npmjs.org/dom-walk/-/dom-walk-0.1.2.tgz",
      "integrity": "sha512-6QvTW9mrGeIegrFXdtQi9pk7O/nSK6lSdXW2eqUspN5LWD7UTji2Fqw5V2YLjBpHEoU9Xl/eUWNpDeZvoyOv2w==",
      "dev": true
    },
    "node_modules/exif-parser": {
      "version": "0.1.12",
      "resolved": "https://registry.npmjs.org/exif-parser/-/exif-parser-0.1.12.tgz",
      "integrity": "sha512-c2bQfLNbMzLPmzQuOr8fy0csy84WmwnER81W88DzTp9CYNPJ6yzOj2EZAh9pywYpqHnshVLHQJ8WzldAyfY+Iw==",
      "dev": true
    },
    "node_modules/fast-xml-parser": {
      "version": "4.0.12",
      "resolved": "https://registry.npmjs.org/fast-xml-parser/-/fast-xml-parser-4.0.12.tgz",
      "integrity": "sha512-/Nmo3823Rfx7UTJosQNz6hBVbszfv1Unb7A4iNJZhvCGCgtIHv/uODmrYIH8vc05+XKZ4hNIOv6SlBejvJgATw==",
      "dev": true,
      "dependencies": {
        "strnum": "^1.0.5"
      },
      "bin": {
        "fxparser": "src/cli/cli.js"
      },
      "funding": {
        "type": "paypal",
        "url": "https://paypal.me/naturalintelligence"
      }
    },
    "node_modules/file-type": {
      "version": "9.0.0",
      "resolved": "https://registry.npmjs.org/file-type/-/file-type-9.0.0.tgz",
      "integrity": "sha512-Qe/5NJrgIOlwijpq3B7BEpzPFcgzggOTagZmkXQY4LA6bsXKTUstK7Wp12lEJ/mLKTpvIZxmIuRcLYWT6ov9lw==",
      "dev": true,
      "engines": {
        "node": ">=6"
      }
    },
    "node_modules/global": {
      "version": "4.4.0",
      "resolved": "https://registry.npmjs.org/global/-/global-4.4.0.tgz",
      "integrity": "sha512-wv/LAoHdRE3BeTGz53FAamhGlPLhlssK45usmGFThIi4XqnBmjKQ16u+RNbP7WvigRZDxUsM0J3gcQ5yicaL0w==",
      "dev": true,
      "dependencies": {
        "min-document": "^2.19.0",
        "process": "^0.11.10"
      }
    },
    "node_modules/ieee754": {
      "version": "1.2.1",
      "resolved": "https://registry.npmjs.org/ieee754/-/ieee754-1.2.1.tgz",
      "integrity": "sha512-dcyqhDvX1C46lXZcVqCpK+FtMRQVdIMN6/Df5js2zouUsqG7I6sFxitIC+7KYK29KdXOLHdu9zL4sFnoVQnqaA==",
      "dev": true,
      "funding": [
        {
          "type": "github",
          "url": "https://github.com/sponsors/feross"
        },
        {
          "type": "patreon",
          "url": "https://www.patreon.com/feross"
        },
        {
          "type": "consulting",
          "url": "https://feross.org/support"
        }
      ]
    },
    "node_modules/is-function": {
      "version": "1.0.2",
      "resolved": "https://registry.npmjs.org/is-function/-/is-function-1.0.2.tgz",
      "integrity": "sha512-lw7DUp0aWXYg+CBCN+JKkcE0Q2RayZnSvnZBlwgxHBQhqt5pZNVy4Ri7H9GmmXkdu7LUthszM+Tor1u/2iBcpQ==",
      "dev": true
    },
    "node_modules/just-clone": {
      "version": "5.1.0",
      "resolved": "https://registry.npmjs.org/just-clone/-/just-clone-5.1.0.tgz",
      "integrity": "sha512-LiIL2BG6WIjSMo0HI5/LD2iuXoQj9nh+cZgaaxR538z53XM+g/M2Yra+o9dz/s6cRSnghwENrE8zDEfsOPduOg==",
      "dev": true
    },
    "node_modules/just-compare": {
      "version": "2.2.2",
      "resolved": "https://registry.npmjs.org/just-compare/-/just-compare-2.2.2.tgz",
      "integrity": "sha512-CdgzjlMSpfjWv4opv34bKeWmzv89hbKcjoSuJ9Y0ke/DTwFkoGfaLmmdwX5niTfKMldlzX3hJjYgWbX6qE5aRA==",
      "dev": true
    },
    "node_modules/load-bmfont": {
      "version": "1.4.1",
      "resolved": "https://registry.npmjs.org/load-bmfont/-/load-bmfont-1.4.1.tgz",
      "integrity": "sha512-8UyQoYmdRDy81Brz6aLAUhfZLwr5zV0L3taTQ4hju7m6biuwiWiJXjPhBJxbUQJA8PrkvJ/7Enqmwk2sM14soA==",
      "dev": true,
      "dependencies": {
        "buffer-equal": "0.0.1",
        "mime": "^1.3.4",
        "parse-bmfont-ascii": "^1.0.3",
        "parse-bmfont-binary": "^1.0.5",
        "parse-bmfont-xml": "^1.1.4",
        "phin": "^2.9.1",
        "xhr": "^2.0.1",
        "xtend": "^4.0.0"
      }
    },
    "node_modules/mime": {
      "version": "1.6.0",
      "resolved": "https://registry.npmjs.org/mime/-/mime-1.6.0.tgz",
      "integrity": "sha512-x0Vn8spI+wuJ1O6S7gnbaQg8Pxh4NNHb7KSINmEWKiPE4RKOplvijn+NkmYmmRgP68mc70j2EbeTFRsrswaQeg==",
      "dev": true,
      "bin": {
        "mime": "cli.js"
      },
      "engines": {
        "node": ">=4"
      }
    },
    "node_modules/min-document": {
      "version": "2.19.0",
      "resolved": "https://registry.npmjs.org/min-document/-/min-document-2.19.0.tgz",
      "integrity": "sha512-9Wy1B3m3f66bPPmU5hdA4DR4PB2OfDU/+GS3yAB7IQozE3tqXaVv2zOjgla7MEGSRv95+ILmOuvhLkOK6wJtCQ==",
      "dev": true,
      "dependencies": {
        "dom-walk": "^0.1.0"
      }
    },
    "node_modules/minimist": {
      "version": "1.2.7",
      "resolved": "https://registry.npmjs.org/minimist/-/minimist-1.2.7.tgz",
      "integrity": "sha512-bzfL1YUZsP41gmu/qjrEk0Q6i2ix/cVeAhbCbqH9u3zYutS1cLg00qhrD0M2MVdCcx4Sc0UpP2eBWo9rotpq6g==",
      "dev": true,
      "funding": {
        "url": "https://github.com/sponsors/ljharb"
      }
    },
    "node_modules/mkdirp": {
      "version": "0.5.6",
      "resolved": "https://registry.npmjs.org/mkdirp/-/mkdirp-0.5.6.tgz",
      "integrity": "sha512-FP+p8RB8OWpF3YZBCrP5gtADmtXApB5AMLn+vdyA+PyxCjrCs00mjyUozssO33cwDeT3wNGdLxJ5M//YqtHAJw==",
      "dev": true,
      "dependencies": {
        "minimist": "^1.2.6"
      },
      "bin": {
        "mkdirp": "bin/cmd.js"
      }
    },
    "node_modules/parse-bmfont-ascii": {
      "version": "1.0.6",
      "resolved": "https://registry.npmjs.org/parse-bmfont-ascii/-/parse-bmfont-ascii-1.0.6.tgz",
      "integrity": "sha512-U4RrVsUFCleIOBsIGYOMKjn9PavsGOXxbvYGtMOEfnId0SVNsgehXh1DxUdVPLoxd5mvcEtvmKs2Mmf0Mpa1ZA==",
      "dev": true
    },
    "node_modules/parse-bmfont-binary": {
      "version": "1.0.6",
      "resolved": "https://registry.npmjs.org/parse-bmfont-binary/-/parse-bmfont-binary-1.0.6.tgz",
      "integrity": "sha512-GxmsRea0wdGdYthjuUeWTMWPqm2+FAd4GI8vCvhgJsFnoGhTrLhXDDupwTo7rXVAgaLIGoVHDZS9p/5XbSqeWA==",
      "dev": true
    },
    "node_modules/parse-bmfont-xml": {
      "version": "1.1.4",
      "resolved": "https://registry.npmjs.org/parse-bmfont-xml/-/parse-bmfont-xml-1.1.4.tgz",
      "integrity": "sha512-bjnliEOmGv3y1aMEfREMBJ9tfL3WR0i0CKPj61DnSLaoxWR3nLrsQrEbCId/8rF4NyRF0cCqisSVXyQYWM+mCQ==",
      "dev": true,
      "dependencies": {
        "xml-parse-from-string": "^1.0.0",
        "xml2js": "^0.4.5"
      }
    },
    "node_modules/parse-headers": {
      "version": "2.0.5",
      "resolved": "https://registry.npmjs.org/parse-headers/-/parse-headers-2.0.5.tgz",
      "integrity": "sha512-ft3iAoLOB/MlwbNXgzy43SWGP6sQki2jQvAyBg/zDFAgr9bfNWZIUj42Kw2eJIl8kEi4PbgE6U1Zau/HwI75HA==",
      "dev": true
    },
    "node_modules/phin": {
      "version": "2.9.3",
      "resolved": "https://registry.npmjs.org/phin/-/phin-2.9.3.tgz",
      "integrity": "sha512-CzFr90qM24ju5f88quFC/6qohjC144rehe5n6DH900lgXmUe86+xCKc10ev56gRKC4/BkHUoG4uSiQgBiIXwDA==",
      "dev": true
    },
    "node_modules/pixelmatch": {
      "version": "4.0.2",
      "resolved": "https://registry.npmjs.org/pixelmatch/-/pixelmatch-4.0.2.tgz",
      "integrity": "sha512-J8B6xqiO37sU/gkcMglv6h5Jbd9xNER7aHzpfRdNmV4IbQBzBpe4l9XmbG+xPF/znacgu2jfEw+wHffaq/YkXA==",
      "dev": true,
      "dependencies": {
        "pngjs": "^3.0.0"
      },
      "bin": {
        "pixelmatch": "bin/pixelmatch"
      }
    },
    "node_modules/pngjs": {
      "version": "3.4.0",
      "resolved": "https://registry.npmjs.org/pngjs/-/pngjs-3.4.0.tgz",
      "integrity": "sha512-NCrCHhWmnQklfH4MtJMRjZ2a8c80qXeMlQMv2uVp9ISJMTt562SbGd6n2oq0PaPgKm7Z6pL9E2UlLIhC+SHL3w==",
      "dev": true,
      "engines": {
        "node": ">=4.0.0"
      }
    },
    "node_modules/process": {
      "version": "0.11.10",
      "resolved": "https://registry.npmjs.org/process/-/process-0.11.10.tgz",
      "integrity": "sha512-cdGef/drWFoydD1JsMzuFf8100nZl+GT+yacc2bEced5f9Rjk4z+WtFUTBu9PhOi9j/jfmBPu0mMEY4wIdAF8A==",
      "dev": true,
      "engines": {
        "node": ">= 0.6.0"
      }
    },
    "node_modules/regenerator-runtime": {
      "version": "0.13.11",
      "resolved": "https://registry.npmjs.org/regenerator-runtime/-/regenerator-runtime-0.13.11.tgz",
      "integrity": "sha512-kY1AZVr2Ra+t+piVaJ4gxaFaReZVH40AKNo7UCX6W+dEwBo/2oZJzqfuN1qLq1oL45o56cPaTXELwrTh8Fpggg==",
      "dev": true
    },
    "node_modules/sax": {
      "version": "1.2.4",
      "resolved": "https://registry.npmjs.org/sax/-/sax-1.2.4.tgz",
      "integrity": "sha512-NqVDv9TpANUjFm0N8uM5GxL36UgKi9/atZw+x7YFnQ8ckwFGKrl4xX4yWtrey3UJm5nP1kUbnYgLopqWNSRhWw==",
      "dev": true
    },
    "node_modules/silent-dxt-js": {
      "version": "0.0.3",
      "resolved": "https://registry.npmjs.org/silent-dxt-js/-/silent-dxt-js-0.0.3.tgz",
      "integrity": "sha512-7Jluiae0VKKvNME6BkiHzcA8xDj9llISr5WawocKiWmVwpiflkXylUnLWMY1GkRkFMDNNm+6K/ns0dW9NqCubQ==",
      "dev": true,
      "engines": {
        "node": ">=0.10.0"
      }
    },
    "node_modules/strnum": {
      "version": "1.0.5",
      "resolved": "https://registry.npmjs.org/strnum/-/strnum-1.0.5.tgz",
      "integrity": "sha512-J8bbNyKKXl5qYcR36TIO8W3mVGVHrmmxsd5PAItGkmyzwJvybiw2IVq5nqd0i4LSNSkB/sx9VHllbfFdr9k1JA==",
      "dev": true
    },
    "node_modules/tinycolor2": {
      "version": "1.4.2",
      "resolved": "https://registry.npmjs.org/tinycolor2/-/tinycolor2-1.4.2.tgz",
      "integrity": "sha512-vJhccZPs965sV/L2sU4oRQVAos0pQXwsvTLkWYdqJ+a8Q5kPFzJTuOFwy7UniPli44NKQGAglksjvOcpo95aZA==",
      "dev": true,
      "engines": {
        "node": "*"
      }
    },
    "node_modules/xhr": {
      "version": "2.6.0",
      "resolved": "https://registry.npmjs.org/xhr/-/xhr-2.6.0.tgz",
      "integrity": "sha512-/eCGLb5rxjx5e3mF1A7s+pLlR6CGyqWN91fv1JgER5mVWg1MZmlhBvy9kjcsOdRk8RrIujotWyJamfyrp+WIcA==",
      "dev": true,
      "dependencies": {
        "global": "~4.4.0",
        "is-function": "^1.0.1",
        "parse-headers": "^2.0.0",
        "xtend": "^4.0.0"
      }
    },
    "node_modules/xml-parse-from-string": {
      "version": "1.0.1",
      "resolved": "https://registry.npmjs.org/xml-parse-from-string/-/xml-parse-from-string-1.0.1.tgz",
      "integrity": "sha512-ErcKwJTF54uRzzNMXq2X5sMIy88zJvfN2DmdoQvy7PAFJ+tPRU6ydWuOKNMyfmOjdyBQTFREi60s0Y0SyI0G0g==",
      "dev": true
    },
    "node_modules/xml2js": {
      "version": "0.4.23",
      "resolved": "https://registry.npmjs.org/xml2js/-/xml2js-0.4.23.tgz",
      "integrity": "sha512-ySPiMjM0+pLDftHgXY4By0uswI3SPKLDw/i3UXbnO8M/p28zqexCUoPmQFrYD+/1BzhGJSs2i1ERWKJAtiLrug==",
      "dev": true,
      "dependencies": {
        "sax": ">=0.6.0",
        "xmlbuilder": "~11.0.0"
      },
      "engines": {
        "node": ">=4.0.0"
      }
    },
    "node_modules/xmlbuilder": {
      "version": "11.0.1",
      "resolved": "https://registry.npmjs.org/xmlbuilder/-/xmlbuilder-11.0.1.tgz",
      "integrity": "sha512-fDlsI/kFEx7gLvbecc0/ohLG50fugQp8ryHzMTuW9vSa1GJ0XYWKnhsUx7oie3G98+r56aTQIUB4kht42R3JvA==",
      "dev": true,
      "engines": {
        "node": ">=4.0"
      }
    },
    "node_modules/xtend": {
      "version": "4.0.2",
      "resolved": "https://registry.npmjs.org/xtend/-/xtend-4.0.2.tgz",
      "integrity": "sha512-LKYU1iAXJXUgAXn9URjiu+MWhyUXHsvfp7mcuYm9dSUKK0/CjtrUwFAxD82/mCWbtLsGjFIad0wIsod4zrTAEQ==",
      "dev": true,
      "engines": {
        "node": ">=0.4"
      }
    }
  },
  "dependencies": {
    "@babel/runtime": {
      "version": "7.20.6",
      "resolved": "https://registry.npmjs.org/@babel/runtime/-/runtime-7.20.6.tgz",
      "integrity": "sha512-Q+8MqP7TiHMWzSfwiJwXCjyf4GYA4Dgw3emg/7xmwsdLJOZUp+nMqcOwOzzYheuM1rhDu8FSj2l0aoMygEuXuA==",
      "dev": true,
      "requires": {
        "regenerator-runtime": "^0.13.11"
      }
    },
    "@jimp/core": {
      "version": "0.16.2",
      "resolved": "https://registry.npmjs.org/@jimp/core/-/core-0.16.2.tgz",
      "integrity": "sha512-dp7HcyUMzjXphXYodI6PaXue+I9PXAavbb+AN+1XqFbotN22Z12DosNPEyy+UhLY/hZiQQqUkEaJHkvV31rs+w==",
      "dev": true,
      "requires": {
        "@babel/runtime": "^7.7.2",
        "@jimp/utils": "^0.16.2",
        "any-base": "^1.1.0",
        "buffer": "^5.2.0",
        "exif-parser": "^0.1.12",
        "file-type": "^9.0.0",
        "load-bmfont": "^1.3.1",
        "mkdirp": "^0.5.1",
        "phin": "^2.9.1",
        "pixelmatch": "^4.0.2",
        "tinycolor2": "^1.4.1"
      }
    },
    "@jimp/custom": {
      "version": "0.16.2",
      "resolved": "https://registry.npmjs.org/@jimp/custom/-/custom-0.16.2.tgz",
      "integrity": "sha512-GtNwOs4hcVS2GIbqRUf42rUuX07oLB92cj7cqxZb0ZGWwcwhnmSW0TFLAkNafXmqn9ug4VTpNvcJSUdiuECVKg==",
      "dev": true,
      "requires": {
        "@babel/runtime": "^7.7.2",
        "@jimp/core": "^0.16.2"
      }
    },
    "@jimp/plugin-resize": {
      "version": "0.16.2",
      "resolved": "https://registry.npmjs.org/@jimp/plugin-resize/-/plugin-resize-0.16.2.tgz",
      "integrity": "sha512-gE4N9l6xuwzacFZ2EPCGZCJ/xR+aX2V7GdMndIl/6kYIw5/eib1SFuF9AZLvIPSFuE1FnGo8+vT0pr++SSbhYg==",
      "dev": true,
      "requires": {
        "@babel/runtime": "^7.7.2",
        "@jimp/utils": "^0.16.2"
      }
    },
    "@jimp/png": {
      "version": "0.16.2",
      "resolved": "https://registry.npmjs.org/@jimp/png/-/png-0.16.2.tgz",
      "integrity": "sha512-sFOtOSz/tzDwXEChFQ/Nxe+0+vG3Tj0eUxnZVDUG/StXE9dI8Bqmwj3MIa0EgK5s+QG3YlnDOmlPUa4JqmeYeQ==",
      "dev": true,
      "requires": {
        "@babel/runtime": "^7.7.2",
        "@jimp/utils": "^0.16.2",
        "pngjs": "^3.3.3"
      }
    },
    "@jimp/utils": {
      "version": "0.16.2",
      "resolved": "https://registry.npmjs.org/@jimp/utils/-/utils-0.16.2.tgz",
      "integrity": "sha512-XENrPvmigiXZQ8E2nxJqO6UVvWBLzbNwyYi3Y8Q1IECoYhYI3kgOQ0fmy4G269Vz1V0omh1bNmC42r4OfXg1Jg==",
      "dev": true,
      "requires": {
        "@babel/runtime": "^7.7.2",
        "regenerator-runtime": "^0.13.3"
      }
    },
    "@s4tk/compression": {
      "version": "0.2.0",
      "resolved": "https://registry.npmjs.org/@s4tk/compression/-/compression-0.2.0.tgz",
      "integrity": "sha512-dpwAPXX5QbDMVcYoGbXDDORr3Cm6dHndafEsNMmD1WvnVF4H9D+pRuFod8sxQZP34tjDQu+w0kpTZrG6VGSAcg==",
      "dev": true
    },
    "@s4tk/encoding": {
      "version": "0.1.4",
      "resolved": "https://registry.npmjs.org/@s4tk/encoding/-/encoding-0.1.4.tgz",
      "integrity": "sha512-lJ0NGpOtZRT7z5iUol6Tv1PgQHC2gjpRkwFsgFcVCq0ZD+2vnFoScM1Yrm4RtkvSyfnl1P+4LOOcmKbFeLBUSw==",
      "dev": true
    },
    "@s4tk/hashing": {
      "version": "0.2.1",
      "resolved": "https://registry.npmjs.org/@s4tk/hashing/-/hashing-0.2.1.tgz",
      "integrity": "sha512-hUmo2ZLIjFXdPSJnt9WyhD7qiqN869rqtIl68b1dm3JWWKIpdzAmk0BsMcl/LtTMRZFfaY356QYJkMbWSnYclg==",
      "dev": true
    },
    "@s4tk/images": {
      "version": "0.2.3",
      "resolved": "https://registry.npmjs.org/@s4tk/images/-/images-0.2.3.tgz",
      "integrity": "sha512-AV8cvvF0Ctb+GSs+qa9HFvklERLUIfE4uHM5Hj98a566RbPqONqn+LBYKWnYjm2XjrpfxWTBdVzBgYE0kvisBg==",
      "dev": true,
      "requires": {
        "@jimp/core": "^0.16.1",
        "@jimp/custom": "^0.16.1",
        "@jimp/plugin-resize": "^0.16.1",
        "@jimp/png": "^0.16.1",
        "@s4tk/encoding": "^0.1.4",
        "silent-dxt-js": "^0.0.3"
      }
    },
    "@s4tk/models": {
      "version": "0.6.5",
      "resolved": "https://registry.npmjs.org/@s4tk/models/-/models-0.6.5.tgz",
      "integrity": "sha512-yrchc9YJ1dWkAf/6N+IJpRP62s5LmlqRMI4dfwTSusYXoJya/sjlX2mafFTqU6sxuMjtR9ZYDyvQKJhA1n6KJg==",
      "dev": true,
      "requires": {
        "@s4tk/compression": "^0.2.0",
        "@s4tk/encoding": "^0.1.4",
        "@s4tk/hashing": "^0.2.1",
        "@s4tk/images": "^0.2.2",
        "@s4tk/xml-dom": "^0.2.1",
        "just-clone": "^5.0.1",
        "just-compare": "^2.0.1"
      }
    },
    "@s4tk/tunables": {
      "version": "0.2.0",
      "resolved": "https://registry.npmjs.org/@s4tk/tunables/-/tunables-0.2.0.tgz",
      "integrity": "sha512-sH+gsOjUbB14XxbuGo/rKNJmlq1VulQEzvNAF2l4j0UAlAEs0rVhh12vYK9UAIfzl7wi0e23Ljj1rYGarAg/rQ==",
      "dev": true,
      "requires": {
        "@s4tk/hashing": "^0.2.1",
        "@s4tk/xml-dom": "^0.2.1"
      }
    },
    "@s4tk/xml-dom": {
      "version": "0.2.4",
      "resolved": "https://registry.npmjs.org/@s4tk/xml-dom/-/xml-dom-0.2.4.tgz",
      "integrity": "sha512-wO6xRghnYTiK/MyFnJ5CPoluKTLmFUs7/JUMAXW2LWxrYKruBqWn9rdKYs9LDtuFEQuWVtrdRWVm51lIDME5gg==",
      "dev": true,
      "requires": {
        "fast-xml-parser": "^4.0.9"
      }
    },
    "@types/node": {
      "version": "18.11.9",
      "resolved": "https://registry.npmjs.org/@types/node/-/node-18.11.9.tgz",
      "integrity": "sha512-CRpX21/kGdzjOpFsZSkcrXMGIBWMGNIHXXBVFSH+ggkftxg+XYP20TESbh+zFvFj3EQOl5byk0HTRn1IL6hbqg==",
      "dev": true
    },
    "any-base": {
      "version": "1.1.0",
      "resolved": "https://registry.npmjs.org/any-base/-/any-base-1.1.0.tgz",
      "integrity": "sha512-uMgjozySS8adZZYePpaWs8cxB9/kdzmpX6SgJZ+wbz1K5eYk5QMYDVJaZKhxyIHUdnnJkfR7SVgStgH7LkGUyg==",
      "dev": true
    },
    "base64-js": {
      "version": "1.5.1",
      "resolved": "https://registry.npmjs.org/base64-js/-/base64-js-1.5.1.tgz",
      "integrity": "sha512-AKpaYlHn8t4SVbOHCy+b5+KKgvR4vrsD8vbvrbiQJps7fKDTkjkDry6ji0rUJjC0kzbNePLwzxq8iypo41qeWA==",
      "dev": true
    },
    "buffer": {
      "version": "5.7.1",
      "resolved": "https://registry.npmjs.org/buffer/-/buffer-5.7.1.tgz",
      "integrity": "sha512-EHcyIPBQ4BSGlvjB16k5KgAJ27CIsHY/2JBmCRReo48y9rQ3MaUzWX3KVlBa4U7MyX02HdVj0K7C3WaB3ju7FQ==",
      "dev": true,
      "requires": {
        "base64-js": "^1.3.1",
        "ieee754": "^1.1.13"
      }
    },
    "buffer-equal": {
      "version": "0.0.1",
      "resolved": "https://registry.npmjs.org/buffer-equal/-/buffer-equal-0.0.1.tgz",
      "integrity": "sha512-RgSV6InVQ9ODPdLWJ5UAqBqJBOg370Nz6ZQtRzpt6nUjc8v0St97uJ4PYC6NztqIScrAXafKM3mZPMygSe1ggA==",
      "dev": true
    },
    "dom-walk": {
      "version": "0.1.2",
      "resolved": "https://registry.npmjs.org/dom-walk/-/dom-walk-0.1.2.tgz",
      "integrity": "sha512-6QvTW9mrGeIegrFXdtQi9pk7O/nSK6lSdXW2eqUspN5LWD7UTji2Fqw5V2YLjBpHEoU9Xl/eUWNpDeZvoyOv2w==",
      "dev": true
    },
    "exif-parser": {
      "version": "0.1.12",
      "resolved": "https://registry.npmjs.org/exif-parser/-/exif-parser-0.1.12.tgz",
      "integrity": "sha512-c2bQfLNbMzLPmzQuOr8fy0csy84WmwnER81W88DzTp9CYNPJ6yzOj2EZAh9pywYpqHnshVLHQJ8WzldAyfY+Iw==",
      "dev": true
    },
    "fast-xml-parser": {
      "version": "4.0.12",
      "resolved": "https://registry.npmjs.org/fast-xml-parser/-/fast-xml-parser-4.0.12.tgz",
      "integrity": "sha512-/Nmo3823Rfx7UTJosQNz6hBVbszfv1Unb7A4iNJZhvCGCgtIHv/uODmrYIH8vc05+XKZ4hNIOv6SlBejvJgATw==",
      "dev": true,
      "requires": {
        "strnum": "^1.0.5"
      }
    },
    "file-type": {
      "version": "9.0.0",
      "resolved": "https://registry.npmjs.org/file-type/-/file-type-9.0.0.tgz",
      "integrity": "sha512-Qe/5NJrgIOlwijpq3B7BEpzPFcgzggOTagZmkXQY4LA6bsXKTUstK7Wp12lEJ/mLKTpvIZxmIuRcLYWT6ov9lw==",
      "dev": true
    },
    "global": {
      "version": "4.4.0",
      "resolved": "https://registry.npmjs.org/global/-/global-4.4.0.tgz",
      "integrity": "sha512-wv/LAoHdRE3BeTGz53FAamhGlPLhlssK45usmGFThIi4XqnBmjKQ16u+RNbP7WvigRZDxUsM0J3gcQ5yicaL0w==",
      "dev": true,
      "requires": {
        "min-document": "^2.19.0",
        "process": "^0.11.10"
      }
    },
    "ieee754": {
      "version": "1.2.1",
      "resolved": "https://registry.npmjs.org/ieee754/-/ieee754-1.2.1.tgz",
      "integrity": "sha512-dcyqhDvX1C46lXZcVqCpK+FtMRQVdIMN6/Df5js2zouUsqG7I6sFxitIC+7KYK29KdXOLHdu9zL4sFnoVQnqaA==",
      "dev": true
    },
    "is-function": {
      "version": "1.0.2",
      "resolved": "https://registry.npmjs.org/is-function/-/is-function-1.0.2.tgz",
      "integrity": "sha512-lw7DUp0aWXYg+CBCN+JKkcE0Q2RayZnSvnZBlwgxHBQhqt5pZNVy4Ri7H9GmmXkdu7LUthszM+Tor1u/2iBcpQ==",
      "dev": true
    },
    "just-clone": {
      "version": "5.1.0",
      "resolved": "https://registry.npmjs.org/just-clone/-/just-clone-5.1.0.tgz",
      "integrity": "sha512-LiIL2BG6WIjSMo0HI5/LD2iuXoQj9nh+cZgaaxR538z53XM+g/M2Yra+o9dz/s6cRSnghwENrE8zDEfsOPduOg==",
      "dev": true
    },
    "just-compare": {
      "version": "2.2.2",
      "resolved": "https://registry.npmjs.org/just-compare/-/just-compare-2.2.2.tgz",
      "integrity": "sha512-CdgzjlMSpfjWv4opv34bKeWmzv89hbKcjoSuJ9Y0ke/DTwFkoGfaLmmdwX5niTfKMldlzX3hJjYgWbX6qE5aRA==",
      "dev": true
    },
    "load-bmfont": {
      "version": "1.4.1",
      "resolved": "https://registry.npmjs.org/load-bmfont/-/load-bmfont-1.4.1.tgz",
      "integrity": "sha512-8UyQoYmdRDy81Brz6aLAUhfZLwr5zV0L3taTQ4hju7m6biuwiWiJXjPhBJxbUQJA8PrkvJ/7Enqmwk2sM14soA==",
      "dev": true,
      "requires": {
        "buffer-equal": "0.0.1",
        "mime": "^1.3.4",
        "parse-bmfont-ascii": "^1.0.3",
        "parse-bmfont-binary": "^1.0.5",
        "parse-bmfont-xml": "^1.1.4",
        "phin": "^2.9.1",
        "xhr": "^2.0.1",
        "xtend": "^4.0.0"
      }
    },
    "mime": {
      "version": "1.6.0",
      "resolved": "https://registry.npmjs.org/mime/-/mime-1.6.0.tgz",
      "integrity": "sha512-x0Vn8spI+wuJ1O6S7gnbaQg8Pxh4NNHb7KSINmEWKiPE4RKOplvijn+NkmYmmRgP68mc70j2EbeTFRsrswaQeg==",
      "dev": true
    },
    "min-document": {
      "version": "2.19.0",
      "resolved": "https://registry.npmjs.org/min-document/-/min-document-2.19.0.tgz",
      "integrity": "sha512-9Wy1B3m3f66bPPmU5hdA4DR4PB2OfDU/+GS3yAB7IQozE3tqXaVv2zOjgla7MEGSRv95+ILmOuvhLkOK6wJtCQ==",
      "dev": true,
      "requires": {
        "dom-walk": "^0.1.0"
      }
    },
    "minimist": {
      "version": "1.2.7",
      "resolved": "https://registry.npmjs.org/minimist/-/minimist-1.2.7.tgz",
      "integrity": "sha512-bzfL1YUZsP41gmu/qjrEk0Q6i2ix/cVeAhbCbqH9u3zYutS1cLg00qhrD0M2MVdCcx4Sc0UpP2eBWo9rotpq6g==",
      "dev": true
    },
    "mkdirp": {
      "version": "0.5.6",
      "resolved": "https://registry.npmjs.org/mkdirp/-/mkdirp-0.5.6.tgz",
      "integrity": "sha512-FP+p8RB8OWpF3YZBCrP5gtADmtXApB5AMLn+vdyA+PyxCjrCs00mjyUozssO33cwDeT3wNGdLxJ5M//YqtHAJw==",
      "dev": true,
      "requires": {
        "minimist": "^1.2.6"
      }
    },
    "parse-bmfont-ascii": {
      "version": "1.0.6",
      "resolved": "https://registry.npmjs.org/parse-bmfont-ascii/-/parse-bmfont-ascii-1.0.6.tgz",
      "integrity": "sha512-U4RrVsUFCleIOBsIGYOMKjn9PavsGOXxbvYGtMOEfnId0SVNsgehXh1DxUdVPLoxd5mvcEtvmKs2Mmf0Mpa1ZA==",
      "dev": true
    },
    "parse-bmfont-binary": {
      "version": "1.0.6",
      "resolved": "https://registry.npmjs.org/parse-bmfont-binary/-/parse-bmfont-binary-1.0.6.tgz",
      "integrity": "sha512-GxmsRea0wdGdYthjuUeWTMWPqm2+FAd4GI8vCvhgJsFnoGhTrLhXDDupwTo7rXVAgaLIGoVHDZS9p/5XbSqeWA==",
      "dev": true
    },
    "parse-bmfont-xml": {
      "version": "1.1.4",
      "resolved": "https://registry.npmjs.org/parse-bmfont-xml/-/parse-bmfont-xml-1.1.4.tgz",
      "integrity": "sha512-bjnliEOmGv3y1aMEfREMBJ9tfL3WR0i0CKPj61DnSLaoxWR3nLrsQrEbCId/8rF4NyRF0cCqisSVXyQYWM+mCQ==",
      "dev": true,
      "requires": {
        "xml-parse-from-string": "^1.0.0",
        "xml2js": "^0.4.5"
      }
    },
    "parse-headers": {
      "version": "2.0.5",
      "resolved": "https://registry.npmjs.org/parse-headers/-/parse-headers-2.0.5.tgz",
      "integrity": "sha512-ft3iAoLOB/MlwbNXgzy43SWGP6sQki2jQvAyBg/zDFAgr9bfNWZIUj42Kw2eJIl8kEi4PbgE6U1Zau/HwI75HA==",
      "dev": true
    },
    "phin": {
      "version": "2.9.3",
      "resolved": "https://registry.npmjs.org/phin/-/phin-2.9.3.tgz",
      "integrity": "sha512-CzFr90qM24ju5f88quFC/6qohjC144rehe5n6DH900lgXmUe86+xCKc10ev56gRKC4/BkHUoG4uSiQgBiIXwDA==",
      "dev": true
    },
    "pixelmatch": {
      "version": "4.0.2",
      "resolved": "https://registry.npmjs.org/pixelmatch/-/pixelmatch-4.0.2.tgz",
      "integrity": "sha512-J8B6xqiO37sU/gkcMglv6h5Jbd9xNER7aHzpfRdNmV4IbQBzBpe4l9XmbG+xPF/znacgu2jfEw+wHffaq/YkXA==",
      "dev": true,
      "requires": {
        "pngjs": "^3.0.0"
      }
    },
    "pngjs": {
      "version": "3.4.0",
      "resolved": "https://registry.npmjs.org/pngjs/-/pngjs-3.4.0.tgz",
      "integrity": "sha512-NCrCHhWmnQklfH4MtJMRjZ2a8c80qXeMlQMv2uVp9ISJMTt562SbGd6n2oq0PaPgKm7Z6pL9E2UlLIhC+SHL3w==",
      "dev": true
    },
    "process": {
      "version": "0.11.10",
      "resolved": "https://registry.npmjs.org/process/-/process-0.11.10.tgz",
      "integrity": "sha512-cdGef/drWFoydD1JsMzuFf8100nZl+GT+yacc2bEced5f9Rjk4z+WtFUTBu9PhOi9j/jfmBPu0mMEY4wIdAF8A==",
      "dev": true
    },
    "regenerator-runtime": {
      "version": "0.13.11",
      "resolved": "https://registry.npmjs.org/regenerator-runtime/-/regenerator-runtime-0.13.11.tgz",
      "integrity": "sha512-kY1AZVr2Ra+t+piVaJ4gxaFaReZVH40AKNo7UCX6W+dEwBo/2oZJzqfuN1qLq1oL45o56cPaTXELwrTh8Fpggg==",
      "dev": true
    },
    "sax": {
      "version": "1.2.4",
      "resolved": "https://registry.npmjs.org/sax/-/sax-1.2.4.tgz",
      "integrity": "sha512-NqVDv9TpANUjFm0N8uM5GxL36UgKi9/atZw+x7YFnQ8ckwFGKrl4xX4yWtrey3UJm5nP1kUbnYgLopqWNSRhWw==",
      "dev": true
    },
    "silent-dxt-js": {
      "version": "0.0.3",
      "resolved": "https://registry.npmjs.org/silent-dxt-js/-/silent-dxt-js-0.0.3.tgz",
      "integrity": "sha512-7Jluiae0VKKvNME6BkiHzcA8xDj9llISr5WawocKiWmVwpiflkXylUnLWMY1GkRkFMDNNm+6K/ns0dW9NqCubQ==",
      "dev": true
    },
    "strnum": {
      "version": "1.0.5",
      "resolved": "https://registry.npmjs.org/strnum/-/strnum-1.0.5.tgz",
      "integrity": "sha512-J8bbNyKKXl5qYcR36TIO8W3mVGVHrmmxsd5PAItGkmyzwJvybiw2IVq5nqd0i4LSNSkB/sx9VHllbfFdr9k1JA==",
      "dev": true
    },
    "tinycolor2": {
      "version": "1.4.2",
      "resolved": "https://registry.npmjs.org/tinycolor2/-/tinycolor2-1.4.2.tgz",
      "integrity": "sha512-vJhccZPs965sV/L2sU4oRQVAos0pQXwsvTLkWYdqJ+a8Q5kPFzJTuOFwy7UniPli44NKQGAglksjvOcpo95aZA==",
      "dev": true
    },
    "xhr": {
      "version": "2.6.0",
      "resolved": "https://registry.npmjs.org/xhr/-/xhr-2.6.0.tgz",
      "integrity": "sha512-/eCGLb5rxjx5e3mF1A7s+pLlR6CGyqWN91fv1JgER5mVWg1MZmlhBvy9kjcsOdRk8RrIujotWyJamfyrp+WIcA==",
      "dev": true,
      "requires": {
        "global": "~4.4.0",
        "is-function": "^1.0.1",
        "parse-headers": "^2.0.0",
        "xtend": "^4.0.0"
      }
    },
    "xml-parse-from-string": {
      "version": "1.0.1",
      "resolved": "https://registry.npmjs.org/xml-parse-from-string/-/xml-parse-from-string-1.0.1.tgz",
      "integrity": "sha512-ErcKwJTF54uRzzNMXq2X5sMIy88zJvfN2DmdoQvy7PAFJ+tPRU6ydWuOKNMyfmOjdyBQTFREi60s0Y0SyI0G0g==",
      "dev": true
    },
    "xml2js": {
      "version": "0.4.23",
      "resolved": "https://registry.npmjs.org/xml2js/-/xml2js-0.4.23.tgz",
      "integrity": "sha512-ySPiMjM0+pLDftHgXY4By0uswI3SPKLDw/i3UXbnO8M/p28zqexCUoPmQFrYD+/1BzhGJSs2i1ERWKJAtiLrug==",
      "dev": true,
      "requires": {
        "sax": ">=0.6.0",
        "xmlbuilder": "~11.0.0"
      }
    },
    "xmlbuilder": {
      "version": "11.0.1",
      "resolved": "https://registry.npmjs.org/xmlbuilder/-/xmlbuilder-11.0.1.tgz",
      "integrity": "sha512-fDlsI/kFEx7gLvbecc0/ohLG50fugQp8ryHzMTuW9vSa1GJ0XYWKnhsUx7oie3G98+r56aTQIUB4kht42R3JvA==",
      "dev": true
    },
    "xtend": {
      "version": "4.0.2",
      "resolved": "https://registry.npmjs.org/xtend/-/xtend-4.0.2.tgz",
      "integrity": "sha512-LKYU1iAXJXUgAXn9URjiu+MWhyUXHsvfp7mcuYm9dSUKK0/CjtrUwFAxD82/mCWbtLsGjFIad0wIsod4zrTAEQ==",
      "dev": true
    }
  }
}
